{
  "name": "@hashicorp/docs-preview",
  "version": "0.0.1-docs-preview.97ae03fc347de4938a9adfde033f42ddffcb02fb.0",
  "lockfileVersion": 2,
  "requires": true,
  "packages": {
    "": {
      "name": "@hashicorp/docs-preview",
      "version": "0.0.1-docs-preview.97ae03fc347de4938a9adfde033f42ddffcb02fb.0",
      "license": "MPL-2.0",
      "bin": {
        "docs-preview": "bin/setup.sh"
      }
    }
  }
}
