{
  "name": "@hashicorp/docs-preview",
  "version": "0.0.1-docs-preview.fe97b708917b11e2f2216679d2fdaa4ff2108282.0",
  "lockfileVersion": 2,
  "requires": true,
  "packages": {
    "": {
      "name": "@hashicorp/docs-preview",
      "version": "0.0.1-docs-preview.fe97b708917b11e2f2216679d2fdaa4ff2108282.0",
      "license": "MPL-2.0",
      "bin": {
        "docs-preview": "bin/setup.sh"
      }
    }
  }
}
